<?xml version="1.0" encoding="utf-8"?>
<Project ToolsVersion="4.0" xmlns="http://schemas.microsoft.com/developer/msbuild/2003">
  <ItemGroup>
    <Filter Include="Constellation">
      <UniqueIdentifier>{840BED05-F0CB-683C-B906-B2B92586AD18}</UniqueIdentifier>
    </Filter>
    <Filter Include="Constellation\Events">
      <UniqueIdentifier>{E81ADAEA-D4A9-63B4-7DC8-77AF6936745A}</UniqueIdentifier>
    </Filter>
  </ItemGroup>
  <ItemGroup>
    <ClInclude Include="src\Constellation\Application.h">
      <Filter>Constellation</Filter>
    </ClInclude>
    <ClInclude Include="src\Constellation\Core.h">
      <Filter>Constellation</Filter>
    </ClInclude>
    <ClInclude Include="src\Constellation\EntryPoint.h">
      <Filter>Constellation</Filter>
    </ClInclude>
    <ClInclude Include="src\Constellation\Events\Event.h">
      <Filter>Constellation\Events</Filter>
    </ClInclude>
    <ClInclude Include="src\Constellation\Log.h">
      <Filter>Constellation</Filter>
    </ClInclude>
    <ClInclude Include="src\Cstell.h" />
  </ItemGroup>
  <ItemGroup>
    <ClCompile Include="src\Constellation\Application.cpp">
      <Filter>Constellation</Filter>
    </ClCompile>
    <ClCompile Include="src\Constellation\Log.cpp">
      <Filter>Constellation</Filter>
    </ClCompile>
  </ItemGroup>
</Project>